
Microsoft Visual Studio Solution File, Format Version 12.00
# Visual Studio Version 17
VisualStudioVersion = 17.6.33723.286
MinimumVisualStudioVersion = 10.0.40219.1
Project("{9A19103F-16F7-4668-BE54-9A1E7A4F7556}") = "ServerWampSharp2", "ServerWampSharp2\ServerWampSharp2.csproj", "{73A1AAC5-FCC0-4751-9C21-B6CAF74AF58A}"
EndProject
Project("{FAE04EC0-301F-11D3-BF4B-00C04F79EFBC}") = "ClienteChat", "ClienteChat\ClienteChat.csproj", "{B1D1FC49-CF61-4236-AD7C-4633B26A91AE}"
EndProject
Project("{FAE04EC0-301F-11D3-BF4B-00C04F79EFBC}") = "ClienteChat2", "ClienteChat2\ClienteChat2.csproj", "{32A74592-C44A-453F-807A-945EA32C796E}"
EndProject
Global
	GlobalSection(SolutionConfigurationPlatforms) = preSolution
		Debug|Any CPU = Debug|Any CPU
		Release|Any CPU = Release|Any CPU
	EndGlobalSection
	GlobalSection(ProjectConfigurationPlatforms) = postSolution
		{73A1AAC5-FCC0-4751-9C21-B6CAF74AF58A}.Debug|Any CPU.ActiveCfg = Debug|Any CPU
		{73A1AAC5-FCC0-4751-9C21-B6CAF74AF58A}.Debug|Any CPU.Build.0 = Debug|Any CPU
		{73A1AAC5-FCC0-4751-9C21-B6CAF74AF58A}.Release|Any CPU.ActiveCfg = Release|Any CPU
		{73A1AAC5-FCC0-4751-9C21-B6CAF74AF58A}.Release|Any CPU.Build.0 = Release|Any CPU
		{B1D1FC49-CF61-4236-AD7C-4633B26A91AE}.Debug|Any CPU.ActiveCfg = Debug|Any CPU
		{B1D1FC49-CF61-4236-AD7C-4633B26A91AE}.Debug|Any CPU.Build.0 = Debug|Any CPU
		{B1D1FC49-CF61-4236-AD7C-4633B26A91AE}.Release|Any CPU.ActiveCfg = Release|Any CPU
		{B1D1FC49-CF61-4236-AD7C-4633B26A91AE}.Release|Any CPU.Build.0 = Release|Any CPU
		{32A74592-C44A-453F-807A-945EA32C796E}.Debug|Any CPU.ActiveCfg = Debug|Any CPU
		{32A74592-C44A-453F-807A-945EA32C796E}.Debug|Any CPU.Build.0 = Debug|Any CPU
		{32A74592-C44A-453F-807A-945EA32C796E}.Release|Any CPU.ActiveCfg = Release|Any CPU
		{32A74592-C44A-453F-807A-945EA32C796E}.Release|Any CPU.Build.0 = Release|Any CPU
	EndGlobalSection
	GlobalSection(SolutionProperties) = preSolution
		HideSolutionNode = FALSE
	EndGlobalSection
	GlobalSection(ExtensibilityGlobals) = postSolution
		SolutionGuid = {6202A05C-A3C6-4B93-8097-BC1ADD72EB59}
	EndGlobalSection
EndGlobal
